
Microsoft Visual Studio Solution File, Format Version 12.00
# Visual Studio Version 17
VisualStudioVersion = 17.5.002.0
MinimumVisualStudioVersion = 10.0.40219.1
Project("{9A19103F-16F7-4668-BE54-9A1E7A4F7556}") = "appBackend", "appBackend.csproj", "{B67EF46E-A1C2-467C-BDFE-456EA604394D}"
EndProject
Global
	GlobalSection(SolutionConfigurationPlatforms) = preSolution
		Debug|Any CPU = Debug|Any CPU
		Release|Any CPU = Release|Any CPU
	EndGlobalSection
	GlobalSection(ProjectConfigurationPlatforms) = postSolution
		{B67EF46E-A1C2-467C-BDFE-456EA604394D}.Debug|Any CPU.ActiveCfg = Debug|Any CPU
		{B67EF46E-A1C2-467C-BDFE-456EA604394D}.Debug|Any CPU.Build.0 = Debug|Any CPU
		{B67EF46E-A1C2-467C-BDFE-456EA604394D}.Release|Any CPU.ActiveCfg = Release|Any CPU
		{B67EF46E-A1C2-467C-BDFE-456EA604394D}.Release|Any CPU.Build.0 = Release|Any CPU
	EndGlobalSection
	GlobalSection(SolutionProperties) = preSolution
		HideSolutionNode = FALSE
	EndGlobalSection
	GlobalSection(ExtensibilityGlobals) = postSolution
		SolutionGuid = {38D316AF-C2AD-4958-8EFD-818F9B34749A}
	EndGlobalSection
EndGlobal
